// !$*UTF8*$!
{
	archiveVersion = 1;
	classes = {
	};
	objectVersion = 50;
	objects = {

/* Begin PBXBuildFile section */
		CE2C55D622EACEC200EE69F3 /* AppDelegate.swift in Sources */ = {isa = PBXBuildFile; fileRef = CE2C55D522EACEC200EE69F3 /* AppDelegate.swift */; };
		CE2C55D822EACEC200EE69F3 /* JournalViewController.swift in Sources */ = {isa = PBXBuildFile; fileRef = CE2C55D722EACEC200EE69F3 /* JournalViewController.swift */; };
		CE2C55DB22EACEC200EE69F3 /* Main.storyboard in Resources */ = {isa = PBXBuildFile; fileRef = CE2C55D922EACEC200EE69F3 /* Main.storyboard */; };
		CE2C55DE22EACEC200EE69F3 /* Journal_Application.xcdatamodeld in Sources */ = {isa = PBXBuildFile; fileRef = CE2C55DC22EACEC200EE69F3 /* Journal_Application.xcdatamodeld */; };
		CE2C55E022EACEC400EE69F3 /* Assets.xcassets in Resources */ = {isa = PBXBuildFile; fileRef = CE2C55DF22EACEC400EE69F3 /* Assets.xcassets */; };
		CE2C55E322EACEC400EE69F3 /* LaunchScreen.storyboard in Resources */ = {isa = PBXBuildFile; fileRef = CE2C55E122EACEC400EE69F3 /* LaunchScreen.storyboard */; };
/* End PBXBuildFile section */

/* Begin PBXFileReference section */
		CE2C55D222EACEC200EE69F3 /* Journal Application.app */ = {isa = PBXFileReference; explicitFileType = wrapper.application; includeInIndex = 0; path = "Journal Application.app"; sourceTree = BUILT_PRODUCTS_DIR; };
		CE2C55D522EACEC200EE69F3 /* AppDelegate.swift */ = {isa = PBXFileReference; lastKnownFileType = sourcecode.swift; path = AppDelegate.swift; sourceTree = "<group>"; };
		CE2C55D722EACEC200EE69F3 /* JournalViewController.swift */ = {isa = PBXFileReference; lastKnownFileType = sourcecode.swift; path = JournalViewController.swift; sourceTree = "<group>"; };
		CE2C55DA22EACEC200EE69F3 /* Base */ = {isa = PBXFileReference; lastKnownFileType = file.storyboard; name = Base; path = Base.lproj/Main.storyboard; sourceTree = "<group>"; };
		CE2C55DD22EACEC200EE69F3 /* Journal_Application.xcdatamodel */ = {isa = PBXFileReference; lastKnownFileType = wrapper.xcdatamodel; path = Journal_Application.xcdatamodel; sourceTree = "<group>"; };
		CE2C55DF22EACEC400EE69F3 /* Assets.xcassets */ = {isa = PBXFileReference; lastKnownFileType = folder.assetcatalog; path = Assets.xcassets; sourceTree = "<group>"; };
		CE2C55E222EACEC400EE69F3 /* Base */ = {isa = PBXFileReference; lastKnownFileType = file.storyboard; name = Base; path = Base.lproj/LaunchScreen.storyboard; sourceTree = "<group>"; };
		CE2C55E422EACEC400EE69F3 /* Info.plist */ = {isa = PBXFileReference; lastKnownFileType = text.plist.xml; path = Info.plist; sourceTree = "<group>"; };
/* End PBXFileReference section */

/* Begin PBXFrameworksBuildPhase section */
		CE2C55CF22EACEC200EE69F3 /* Frameworks */ = {
			isa = PBXFrameworksBuildPhase;
			buildActionMask = 2147483647;
			files = (
			);
			runOnlyForDeploymentPostprocessing = 0;
		};
/* End PBXFrameworksBuildPhase section */

/* Begin PBXGroup section */
		CE2C55C922EACEC200EE69F3 = {
			isa = PBXGroup;
			children = (
				CE2C55D422EACEC200EE69F3 /* Journal Application */,
				CE2C55D322EACEC200EE69F3 /* Products */,
			);
			sourceTree = "<group>";
		};
		CE2C55D322EACEC200EE69F3 /* Products */ = {
			isa = PBXGroup;
			children = (
				CE2C55D222EACEC200EE69F3 /* Journal Application.app */,
			);
			name = Products;
			sourceTree = "<group>";
		};
		CE2C55D422EACEC200EE69F3 /* Journal Application */ = {
			isa = PBXGroup;
			children = (
				CE2C55D522EACEC200EE69F3 /* AppDelegate.swift */,
				CE2C55D722EACEC200EE69F3 /* JournalViewController.swift */,
				CE2C55D922EACEC200EE69F3 /* Main.storyboard */,
				CE2C55DF22EACEC400EE69F3 /* Assets.xcassets */,
				CE2C55E122EACEC400EE69F3 /* LaunchScreen.storyboard */,
				CE2C55E422EACEC400EE69F3 /* Info.plist */,
				CE2C55DC22EACEC200EE69F3 /* Journal_Application.xcdatamodeld */,
			);
			path = "Journal Application";
			sourceTree = "<group>";
		};
/* End PBXGroup section */

/* Begin PBXNativeTarget section */
		CE2C55D122EACEC200EE69F3 /* Journal Application */ = {
			isa = PBXNativeTarget;
			buildConfigurationList = CE2C55E722EACEC400EE69F3 /* Build configuration list for PBXNativeTarget "Journal Application" */;
			buildPhases = (
				CE2C55CE22EACEC200EE69F3 /* Sources */,
				CE2C55CF22EACEC200EE69F3 /* Frameworks */,
				CE2C55D022EACEC200EE69F3 /* Resources */,
			);
			buildRules = (
			);
			dependencies = (
			);
			name = "Journal Application";
			productName = "Journal Application";
			productReference = CE2C55D222EACEC200EE69F3 /* Journal Application.app */;
			productType = "com.apple.product-type.application";
		};
/* End PBXNativeTarget section */

/* Begin PBXProject section */
		CE2C55CA22EACEC200EE69F3 /* Project object */ = {
			isa = PBXProject;
			attributes = {
				LastSwiftUpdateCheck = 1030;
				LastUpgradeCheck = 1030;
				ORGANIZATIONNAME = khawar;
				TargetAttributes = {
					CE2C55D122EACEC200EE69F3 = {
						CreatedOnToolsVersion = 10.3;
					};
				};
			};
			buildConfigurationList = CE2C55CD22EACEC200EE69F3 /* Build configuration list for PBXProject "Journal Application" */;
			compatibilityVersion = "Xcode 9.3";
			developmentRegion = en;
			hasScannedForEncodings = 0;
			knownRegions = (
				en,
				Base,
			);
			mainGroup = CE2C55C922EACEC200EE69F3;
			productRefGroup = CE2C55D322EACEC200EE69F3 /* Products */;
			projectDirPath = "";
			projectRoot = "";
			targets = (
				CE2C55D122EACEC200EE69F3 /* Journal Application */,
			);
		};
/* End PBXProject section */

/* Begin PBXResourcesBuildPhase section */
		CE2C55D022EACEC200EE69F3 /* Resources */ = {
			isa = PBXResourcesBuildPhase;
			buildActionMask = 2147483647;
			files = (
				CE2C55E322EACEC400EE69F3 /* LaunchScreen.storyboard in Resources */,
				CE2C55E022EACEC400EE69F3 /* Assets.xcassets in Resources */,
				CE2C55DB22EACEC200EE69F3 /* Main.storyboard in Resources */,
			);
			runOnlyForDeploymentPostprocessing = 0;
		};
/* End PBXResourcesBuildPhase section */

/* Begin PBXSourcesBuildPhase section */
		CE2C55CE22EACEC200EE69F3 /* Sources */ = {
			isa = PBXSourcesBuildPhase;
			buildActionMask = 2147483647;
			files = (
				CE2C55D822EACEC200EE69F3 /* JournalViewController.swift in Sources */,
				CE2C55D622EACEC200EE69F3 /* AppDelegate.swift in Sources */,
				CE2C55DE22EACEC200EE69F3 /* Journal_Application.xcdatamodeld in Sources */,
			);
			runOnlyForDeploymentPostprocessing = 0;
		};
/* End PBXSourcesBuildPhase section */

/* Begin PBXVariantGroup section */
		CE2C55D922EACEC200EE69F3 /* Main.storyboard */ = {
			isa = PBXVariantGroup;
			children = (
				CE2C55DA22EACEC200EE69F3 /* Base */,
			);
			name = Main.storyboard;
			sourceTree = "<group>";
		};
		CE2C55E122EACEC400EE69F3 /* LaunchScreen.storyboard */ = {
			isa = PBXVariantGroup;
			children = (
				CE2C55E222EACEC400EE69F3 /* Base */,
			);
			name = LaunchScreen.storyboard;
			sourceTree = "<group>";
		};
/* End PBXVariantGroup section */

/* Begin XCBuildConfiguration section */
		CE2C55E522EACEC400EE69F3 /* Debug */ = {
			isa = XCBuildConfiguration;
			buildSettings = {
				ALWAYS_SEARCH_USER_PATHS = NO;
				CLANG_ANALYZER_NONNULL = YES;
				CLANG_ANALYZER_NUMBER_OBJECT_CONVERSION = YES_AGGRESSIVE;
				CLANG_CXX_LANGUAGE_STANDARD = "gnu++14";
				CLANG_CXX_LIBRARY = "libc++";
				CLANG_ENABLE_MODULES = YES;
				CLANG_ENABLE_OBJC_ARC = YES;
				CLANG_ENABLE_OBJC_WEAK = YES;
				CLANG_WARN_BLOCK_CAPTURE_AUTORELEASING = YES;
				CLANG_WARN_BOOL_CONVERSION = YES;
				CLANG_WARN_COMMA = YES;
				CLANG_WARN_CONSTANT_CONVERSION = YES;
				CLANG_WARN_DEPRECATED_OBJC_IMPLEMENTATIONS = YES;
				CLANG_WARN_DIRECT_OBJC_ISA_USAGE = YES_ERROR;
				CLANG_WARN_DOCUMENTATION_COMMENTS = YES;
				CLANG_WARN_EMPTY_BODY = YES;
				CLANG_WARN_ENUM_CONVERSION = YES;
				CLANG_WARN_INFINITE_RECURSION = YES;
				CLANG_WARN_INT_CONVERSION = YES;
				CLANG_WARN_NON_LITERAL_NULL_CONVERSION = YES;
				CLANG_WARN_OBJC_IMPLICIT_RETAIN_SELF = YES;
				CLANG_WARN_OBJC_LITERAL_CONVERSION = YES;
				CLANG_WARN_OBJC_ROOT_CLASS = YES_ERROR;
				CLANG_WARN_RANGE_LOOP_ANALYSIS = YES;
				CLANG_WARN_STRICT_PROTOTYPES = YES;
				CLANG_WARN_SUSPICIOUS_MOVE = YES;
				CLANG_WARN_UNGUARDED_AVAILABILITY = YES_AGGRESSIVE;
				CLANG_WARN_UNREACHABLE_CODE = YES;
				CLANG_WARN__DUPLICATE_METHOD_MATCH = YES;
				CODE_SIGN_IDENTITY = "iPhone Developer";
				COPY_PHASE_STRIP = NO;
				DEBUG_INFORMATION_FORMAT = dwarf;
				ENABLE_STRICT_OBJC_MSGSEND = YES;
				ENABLE_TESTABILITY = YES;
				GCC_C_LANGUAGE_STANDARD = gnu11;
				GCC_DYNAMIC_NO_PIC = NO;
				GCC_NO_COMMON_BLOCKS = YES;
				GCC_OPTIMIZATION_LEVEL = 0;
				GCC_PREPROCESSOR_DEFINITIONS = (
					"DEBUG=1",
					"$(inherited)",
				);
				GCC_WARN_64_TO_32_BIT_CONVERSION = YES;
				GCC_WARN_ABOUT_RETURN_TYPE = YES_ERROR;
				GCC_WARN_UNDECLARED_SELECTOR = YES;
				GCC_WARN_UNINITIALIZED_AUTOS = YES_AGGRESSIVE;
				GCC_WARN_UNUSED_FUNCTION = YES;
				GCC_WARN_UNUSED_VARIABLE = YES;
				IPHONEOS_DEPLOYMENT_TARGET = 12.4;
				MTL_ENABLE_DEBUG_INFO = INCLUDE_SOURCE;
				MTL_FAST_MATH = YES;
				ONLY_ACTIVE_ARCH = YES;
				SDKROOT = iphoneos;
				SWIFT_ACTIVE_COMPILATION_CONDITIONS = DEBUG;
				SWIFT_OPTIMIZATION_LEVEL = "-Onone";
			};
			name = Debug;
		};
		CE2C55E622EACEC400EE69F3 /* Release */ = {
			isa = XCBuildConfiguration;
			buildSettings = {
				ALWAYS_SEARCH_USER_PATHS = NO;
				CLANG_ANALYZER_NONNULL = YES;
				CLANG_ANALYZER_NUMBER_OBJECT_CONVERSION = YES_AGGRESSIVE;
				CLANG_CXX_LANGUAGE_STANDARD = "gnu++14";
				CLANG_CXX_LIBRARY = "libc++";
				CLANG_ENABLE_MODULES = YES;
				CLANG_ENABLE_OBJC_ARC = YES;
				CLANG_ENABLE_OBJC_WEAK = YES;
				CLANG_WARN_BLOCK_CAPTURE_AUTORELEASING = YES;
				CLANG_WARN_BOOL_CONVERSION = YES;
				CLANG_WARN_COMMA = YES;
				CLANG_WARN_CONSTANT_CONVERSION = YES;
				CLANG_WARN_DEPRECATED_OBJC_IMPLEMENTATIONS = YES;
				CLANG_WARN_DIRECT_OBJC_ISA_USAGE = YES_ERROR;
				CLANG_WARN_DOCUMENTATION_COMMENTS = YES;
				CLANG_WARN_EMPTY_BODY = YES;
				CLANG_WARN_ENUM_CONVERSION = YES;
				CLANG_WARN_INFINITE_RECURSION = YES;
				CLANG_WARN_INT_CONVERSION = YES;
				CLANG_WARN_NON_LITERAL_NULL_CONVERSION = YES;
				CLANG_WARN_OBJC_IMPLICIT_RETAIN_SELF = YES;
				CLANG_WARN_OBJC_LITERAL_CONVERSION = YES;
				CLANG_WARN_OBJC_ROOT_CLASS = YES_ERROR;
				CLANG_WARN_RANGE_LOOP_ANALYSIS = YES;
				CLANG_WARN_STRICT_PROTOTYPES = YES;
				CLANG_WARN_SUSPICIOUS_MOVE = YES;
				CLANG_WARN_UNGUARDED_AVAILABILITY = YES_AGGRESSIVE;
				CLANG_WARN_UNREACHABLE_CODE = YES;
				CLANG_WARN__DUPLICATE_METHOD_MATCH = YES;
				CODE_SIGN_IDENTITY = "iPhone Developer";
				COPY_PHASE_STRIP = NO;
				DEBUG_INFORMATION_FORMAT = "dwarf-with-dsym";
				ENABLE_NS_ASSERTIONS = NO;
				ENABLE_STRICT_OBJC_MSGSEND = YES;
				GCC_C_LANGUAGE_STANDARD = gnu11;
				GCC_NO_COMMON_BLOCKS = YES;
				GCC_WARN_64_TO_32_BIT_CONVERSION = YES;
				GCC_WARN_ABOUT_RETURN_TYPE = YES_ERROR;
				GCC_WARN_UNDECLARED_SELECTOR = YES;
				GCC_WARN_UNINITIALIZED_AUTOS = YES_AGGRESSIVE;
				GCC_WARN_UNUSED_FUNCTION = YES;
				GCC_WARN_UNUSED_VARIABLE = YES;
				IPHONEOS_DEPLOYMENT_TARGET = 12.4;
				MTL_ENABLE_DEBUG_INFO = NO;
				MTL_FAST_MATH = YES;
				SDKROOT = iphoneos;
				SWIFT_COMPILATION_MODE = wholemodule;
				SWIFT_OPTIMIZATION_LEVEL = "-O";
				VALIDATE_PRODUCT = YES;
			};
			name = Release;
		};
		CE2C55E822EACEC400EE69F3 /* Debug */ = {
			isa = XCBuildConfiguration;
			buildSettings = {
				ASSETCATALOG_COMPILER_APPICON_NAME = AppIcon;
				CODE_SIGN_STYLE = Automatic;
				DEVELOPMENT_TEAM = 684T2E6SZR;
				INFOPLIST_FILE = "Journal Application/Info.plist";
				LD_RUNPATH_SEARCH_PATHS = (
					"$(inherited)",
					"@executable_path/Frameworks",
				);
				PRODUCT_BUNDLE_IDENTIFIER = "iotech.Journal-Application";
				PRODUCT_NAME = "$(TARGET_NAME)";
				SWIFT_VERSION = 5.0;
				TARGETED_DEVICE_FAMILY = "1,2";
			};
			name = Debug;
		};
		CE2C55E922EACEC400EE69F3 /* Release */ = {
			isa = XCBuildConfiguration;
			buildSettings = {
				ASSETCATALOG_COMPILER_APPICON_NAME = AppIcon;
				CODE_SIGN_STYLE = Automatic;
				DEVELOPMENT_TEAM = 684T2E6SZR;
				INFOPLIST_FILE = "Journal Application/Info.plist";
				LD_RUNPATH_SEARCH_PATHS = (
					"$(inherited)",
					"@executable_path/Frameworks",
				);
				PRODUCT_BUNDLE_IDENTIFIER = "iotech.Journal-Application";
				PRODUCT_NAME = "$(TARGET_NAME)";
				SWIFT_VERSION = 5.0;
				TARGETED_DEVICE_FAMILY = "1,2";
			};
			name = Release;
		};
/* End XCBuildConfiguration section */

/* Begin XCConfigurationList section */
		CE2C55CD22EACEC200EE69F3 /* Build configuration list for PBXProject "Journal Application" */ = {
			isa = XCConfigurationList;
			buildConfigurations = (
				CE2C55E522EACEC400EE69F3 /* Debug */,
				CE2C55E622EACEC400EE69F3 /* Release */,
			);
			defaultConfigurationIsVisible = 0;
			defaultConfigurationName = Release;
		};
		CE2C55E722EACEC400EE69F3 /* Build configuration list for PBXNativeTarget "Journal Application" */ = {
			isa = XCConfigurationList;
			buildConfigurations = (
				CE2C55E822EACEC400EE69F3 /* Debug */,
				CE2C55E922EACEC400EE69F3 /* Release */,
			);
			defaultConfigurationIsVisible = 0;
			defaultConfigurationName = Release;
		};
/* End XCConfigurationList section */

/* Begin XCVersionGroup section */
		CE2C55DC22EACEC200EE69F3 /* Journal_Application.xcdatamodeld */ = {
			isa = XCVersionGroup;
			children = (
				CE2C55DD22EACEC200EE69F3 /* Journal_Application.xcdatamodel */,
			);
			currentVersion = CE2C55DD22EACEC200EE69F3 /* Journal_Application.xcdatamodel */;
			path = Journal_Application.xcdatamodeld;
			sourceTree = "<group>";
			versionGroupType = wrapper.xcdatamodel;
		};
/* End XCVersionGroup section */
	};
	rootObject = CE2C55CA22EACEC200EE69F3 /* Project object */;
}
